
Microsoft Visual Studio Solution File, Format Version 12.00
# Visual Studio Version 16
VisualStudioVersion = 16.0.29509.3
MinimumVisualStudioVersion = 10.0.40219.1
Project("{FAE04EC0-301F-11D3-BF4B-00C04F79EFBC}") = "Contacts.UI", "Contacts\Contacts.UI.csproj", "{DE9D35A9-07A5-4608-9BA9-6DF68B93FC08}"
EndProject
Project("{FAE04EC0-301F-11D3-BF4B-00C04F79EFBC}") = "Contacts.UI.Tests", "Contacts.Tests\Contacts.UI.Tests.csproj", "{57DE4B72-9247-427C-87AD-B0613AB1EE20}"
EndProject
Project("{2150E333-8FDC-42A3-9474-1A3956D46DE8}") = "04 - User Interface", "04 - User Interface", "{D51DED7B-9631-46B8-AC55-26DD2A5C2A64}"
EndProject
Project("{2150E333-8FDC-42A3-9474-1A3956D46DE8}") = "02 - Infrastructure", "02 - Infrastructure", "{F016B278-FA74-4AFC-9956-29195A5B96A8}"
EndProject
Project("{2150E333-8FDC-42A3-9474-1A3956D46DE8}") = "03 - Services", "03 - Services", "{8C9FD149-84DA-4BF0-AA62-B7ADE8DC1106}"
EndProject
Project("{2150E333-8FDC-42A3-9474-1A3956D46DE8}") = "00 - Common", "00 - Common", "{3949B0ED-22C6-45D7-8DA1-98E4C4C5EB6D}"
EndProject
Project("{2150E333-8FDC-42A3-9474-1A3956D46DE8}") = "01 - Domain", "01 - Domain", "{569535ED-73A1-4B0D-9255-C4852D805E11}"
EndProject
Project("{2150E333-8FDC-42A3-9474-1A3956D46DE8}") = "UI", "UI", "{58A40B45-8606-412B-9586-42D9F87D944C}"
EndProject
Project("{2150E333-8FDC-42A3-9474-1A3956D46DE8}") = "UI.Tests", "UI.Tests", "{77FFABBB-5DC8-4818-9479-E5FCE71AD556}"
EndProject
Project("{2150E333-8FDC-42A3-9474-1A3956D46DE8}") = "Services", "Services", "{DAB866F6-6998-40F7-B0E8-45BC17F9D74D}"
EndProject
Project("{FAE04EC0-301F-11D3-BF4B-00C04F79EFBC}") = "Contacts.Data.Services", "Contacts.Data.Services\Contacts.Data.Services.csproj", "{9BD66516-C568-48A6-B667-30FB29A6DFF9}"
EndProject
Project("{FAE04EC0-301F-11D3-BF4B-00C04F79EFBC}") = "Contacts.Data.Services.Tests", "Services\Contacts.Data.Services.Tests\Contacts.Data.Services.Tests.csproj", "{8EEF441B-34E3-4D3D-BDE7-356DA802FD30}"
EndProject
Project("{2150E333-8FDC-42A3-9474-1A3956D46DE8}") = "Services.Test", "Services.Test", "{89198633-51FB-4FF3-9412-9C441BE042A3}"
EndProject
Project("{FAE04EC0-301F-11D3-BF4B-00C04F79EFBC}") = "Contacts.Common.Core", "Contacts.Common.Core\Contacts.Common.Core.csproj", "{B8F7224F-818E-446F-9822-0FEAC92D2F11}"
EndProject
Project("{2150E333-8FDC-42A3-9474-1A3956D46DE8}") = "Data", "Data", "{209A64B2-0BC2-479D-8148-CE26B21CA801}"
EndProject
Project("{FAE04EC0-301F-11D3-BF4B-00C04F79EFBC}") = "Contacts.Data.Api.Interface", "Contacts.Data.Api\Contacts.Data.Api.Interface.csproj", "{A702AAC8-3B14-44C0-A8DB-30CEEEC632EB}"
EndProject
Project("{FAE04EC0-301F-11D3-BF4B-00C04F79EFBC}") = "Contacts.Data.Api.Implementation", "Contacts.Data.Api.Implementation\Contacts.Data.Api.Implementation.csproj", "{FBA2F5EF-D529-44C1-9A79-4E06776D1995}"
EndProject
Project("{FAE04EC0-301F-11D3-BF4B-00C04F79EFBC}") = "Contacts.Data.Domain", "Contacts.Data.Domain\Contacts.Data.Domain.csproj", "{2169D4E4-0AD3-4BEE-A2B8-80BF6FED8A27}"
EndProject
Project("{FAE04EC0-301F-11D3-BF4B-00C04F79EFBC}") = "Contacts.Common.Proxy", "Contacts.Common.Proxy\Contacts.Common.Proxy.csproj", "{F8465F4E-9DBC-4D84-AE7A-7316025D3627}"
EndProject
Global
	GlobalSection(SolutionConfigurationPlatforms) = preSolution
		Debug|Any CPU = Debug|Any CPU
		Release|Any CPU = Release|Any CPU
	EndGlobalSection
	GlobalSection(ProjectConfigurationPlatforms) = postSolution
		{DE9D35A9-07A5-4608-9BA9-6DF68B93FC08}.Debug|Any CPU.ActiveCfg = Debug|Any CPU
		{DE9D35A9-07A5-4608-9BA9-6DF68B93FC08}.Debug|Any CPU.Build.0 = Debug|Any CPU
		{DE9D35A9-07A5-4608-9BA9-6DF68B93FC08}.Release|Any CPU.ActiveCfg = Release|Any CPU
		{DE9D35A9-07A5-4608-9BA9-6DF68B93FC08}.Release|Any CPU.Build.0 = Release|Any CPU
		{57DE4B72-9247-427C-87AD-B0613AB1EE20}.Debug|Any CPU.ActiveCfg = Debug|Any CPU
		{57DE4B72-9247-427C-87AD-B0613AB1EE20}.Debug|Any CPU.Build.0 = Debug|Any CPU
		{57DE4B72-9247-427C-87AD-B0613AB1EE20}.Release|Any CPU.ActiveCfg = Release|Any CPU
		{57DE4B72-9247-427C-87AD-B0613AB1EE20}.Release|Any CPU.Build.0 = Release|Any CPU
		{9BD66516-C568-48A6-B667-30FB29A6DFF9}.Debug|Any CPU.ActiveCfg = Debug|Any CPU
		{9BD66516-C568-48A6-B667-30FB29A6DFF9}.Debug|Any CPU.Build.0 = Debug|Any CPU
		{9BD66516-C568-48A6-B667-30FB29A6DFF9}.Release|Any CPU.ActiveCfg = Release|Any CPU
		{9BD66516-C568-48A6-B667-30FB29A6DFF9}.Release|Any CPU.Build.0 = Release|Any CPU
		{8EEF441B-34E3-4D3D-BDE7-356DA802FD30}.Debug|Any CPU.ActiveCfg = Debug|Any CPU
		{8EEF441B-34E3-4D3D-BDE7-356DA802FD30}.Debug|Any CPU.Build.0 = Debug|Any CPU
		{8EEF441B-34E3-4D3D-BDE7-356DA802FD30}.Release|Any CPU.ActiveCfg = Release|Any CPU
		{8EEF441B-34E3-4D3D-BDE7-356DA802FD30}.Release|Any CPU.Build.0 = Release|Any CPU
		{B8F7224F-818E-446F-9822-0FEAC92D2F11}.Debug|Any CPU.ActiveCfg = Debug|Any CPU
		{B8F7224F-818E-446F-9822-0FEAC92D2F11}.Debug|Any CPU.Build.0 = Debug|Any CPU
		{B8F7224F-818E-446F-9822-0FEAC92D2F11}.Release|Any CPU.ActiveCfg = Release|Any CPU
		{B8F7224F-818E-446F-9822-0FEAC92D2F11}.Release|Any CPU.Build.0 = Release|Any CPU
		{A702AAC8-3B14-44C0-A8DB-30CEEEC632EB}.Debug|Any CPU.ActiveCfg = Debug|Any CPU
		{A702AAC8-3B14-44C0-A8DB-30CEEEC632EB}.Debug|Any CPU.Build.0 = Debug|Any CPU
		{A702AAC8-3B14-44C0-A8DB-30CEEEC632EB}.Release|Any CPU.ActiveCfg = Release|Any CPU
		{A702AAC8-3B14-44C0-A8DB-30CEEEC632EB}.Release|Any CPU.Build.0 = Release|Any CPU
		{FBA2F5EF-D529-44C1-9A79-4E06776D1995}.Debug|Any CPU.ActiveCfg = Debug|Any CPU
		{FBA2F5EF-D529-44C1-9A79-4E06776D1995}.Debug|Any CPU.Build.0 = Debug|Any CPU
		{FBA2F5EF-D529-44C1-9A79-4E06776D1995}.Release|Any CPU.ActiveCfg = Release|Any CPU
		{FBA2F5EF-D529-44C1-9A79-4E06776D1995}.Release|Any CPU.Build.0 = Release|Any CPU
		{2169D4E4-0AD3-4BEE-A2B8-80BF6FED8A27}.Debug|Any CPU.ActiveCfg = Debug|Any CPU
		{2169D4E4-0AD3-4BEE-A2B8-80BF6FED8A27}.Debug|Any CPU.Build.0 = Debug|Any CPU
		{2169D4E4-0AD3-4BEE-A2B8-80BF6FED8A27}.Release|Any CPU.ActiveCfg = Release|Any CPU
		{2169D4E4-0AD3-4BEE-A2B8-80BF6FED8A27}.Release|Any CPU.Build.0 = Release|Any CPU
		{F8465F4E-9DBC-4D84-AE7A-7316025D3627}.Debug|Any CPU.ActiveCfg = Debug|Any CPU
		{F8465F4E-9DBC-4D84-AE7A-7316025D3627}.Debug|Any CPU.Build.0 = Debug|Any CPU
		{F8465F4E-9DBC-4D84-AE7A-7316025D3627}.Release|Any CPU.ActiveCfg = Release|Any CPU
		{F8465F4E-9DBC-4D84-AE7A-7316025D3627}.Release|Any CPU.Build.0 = Release|Any CPU
	EndGlobalSection
	GlobalSection(SolutionProperties) = preSolution
		HideSolutionNode = FALSE
	EndGlobalSection
	GlobalSection(NestedProjects) = preSolution
		{DE9D35A9-07A5-4608-9BA9-6DF68B93FC08} = {58A40B45-8606-412B-9586-42D9F87D944C}
		{57DE4B72-9247-427C-87AD-B0613AB1EE20} = {77FFABBB-5DC8-4818-9479-E5FCE71AD556}
		{58A40B45-8606-412B-9586-42D9F87D944C} = {D51DED7B-9631-46B8-AC55-26DD2A5C2A64}
		{77FFABBB-5DC8-4818-9479-E5FCE71AD556} = {D51DED7B-9631-46B8-AC55-26DD2A5C2A64}
		{DAB866F6-6998-40F7-B0E8-45BC17F9D74D} = {F016B278-FA74-4AFC-9956-29195A5B96A8}
		{9BD66516-C568-48A6-B667-30FB29A6DFF9} = {DAB866F6-6998-40F7-B0E8-45BC17F9D74D}
		{8EEF441B-34E3-4D3D-BDE7-356DA802FD30} = {89198633-51FB-4FF3-9412-9C441BE042A3}
		{89198633-51FB-4FF3-9412-9C441BE042A3} = {F016B278-FA74-4AFC-9956-29195A5B96A8}
		{B8F7224F-818E-446F-9822-0FEAC92D2F11} = {3949B0ED-22C6-45D7-8DA1-98E4C4C5EB6D}
		{209A64B2-0BC2-479D-8148-CE26B21CA801} = {F016B278-FA74-4AFC-9956-29195A5B96A8}
		{A702AAC8-3B14-44C0-A8DB-30CEEEC632EB} = {209A64B2-0BC2-479D-8148-CE26B21CA801}
		{FBA2F5EF-D529-44C1-9A79-4E06776D1995} = {209A64B2-0BC2-479D-8148-CE26B21CA801}
		{2169D4E4-0AD3-4BEE-A2B8-80BF6FED8A27} = {569535ED-73A1-4B0D-9255-C4852D805E11}
		{F8465F4E-9DBC-4D84-AE7A-7316025D3627} = {3949B0ED-22C6-45D7-8DA1-98E4C4C5EB6D}
	EndGlobalSection
	GlobalSection(ExtensibilityGlobals) = postSolution
		SolutionGuid = {39B4D7D6-6C74-4AA4-B0F5-4B6238696119}
	EndGlobalSection
EndGlobal
